<?xml version="1.0" encoding="utf-8"?>
<Project ToolsVersion="4.0" xmlns="http://schemas.microsoft.com/developer/msbuild/2003">
  <ItemGroup>
    <ClCompile Include="main.cpp" />
  </ItemGroup>
  <ItemGroup>
    <Filter Include="docs">
      <UniqueIdentifier>{93bce55d-1b3d-4748-be64-9e6303bb72e4}</UniqueIdentifier>
    </Filter>
    <Filter Include="headers">
      <UniqueIdentifier>{8b05d694-407e-4fa6-bcf6-0d1e55484675}</UniqueIdentifier>
    </Filter>
  </ItemGroup>
  <ItemGroup>
    <None Include="..\docs\NeuralProbabilisticLanguageModel.pdf">
      <Filter>docs</Filter>
    </None>
  </ItemGroup>
  <ItemGroup>
    <ClInclude Include="..\SolutionItems\Makemore.h">
      <Filter>headers</Filter>
    </ClInclude>
  </ItemGroup>
</Project>